// !$*UTF8*$!
{
	archiveVersion = 1;
	classes = {
	};
	objectVersion = 46;
	objects = {

/* Begin PBXBuildFile section */
		7562C8AD1BA1A75300EB1487 /* AppDelegate.swift in Sources */ = {isa = PBXBuildFile; fileRef = 7562C8AC1BA1A75300EB1487 /* AppDelegate.swift */; };
		7562C8B81BA1A75300EB1487 /* Images.xcassets in Resources */ = {isa = PBXBuildFile; fileRef = 7562C8B71BA1A75300EB1487 /* Images.xcassets */; };
		7562C8BB1BA1A75300EB1487 /* LaunchScreen.xib in Resources */ = {isa = PBXBuildFile; fileRef = 7562C8B91BA1A75300EB1487 /* LaunchScreen.xib */; };
		7562C8C71BA1A75300EB1487 /* TDPagedImageScrollView_swiftTests.swift in Sources */ = {isa = PBXBuildFile; fileRef = 7562C8C61BA1A75300EB1487 /* TDPagedImageScrollView_swiftTests.swift */; };
		7562C8D21BA1A9EA00EB1487 /* TDPagedImageScrollView.swift in Sources */ = {isa = PBXBuildFile; fileRef = 7562C8D11BA1A9EA00EB1487 /* TDPagedImageScrollView.swift */; };
		7562C8D51BA1AF1B00EB1487 /* SnapKit.framework in Frameworks */ = {isa = PBXBuildFile; fileRef = 7562C8D31BA1AF1B00EB1487 /* SnapKit.framework */; };
		7562C8D61BA1AF1C00EB1487 /* WebImage.framework in Frameworks */ = {isa = PBXBuildFile; fileRef = 7562C8D41BA1AF1B00EB1487 /* WebImage.framework */; };
		7562C8D91BA1AF4600EB1487 /* SnapKit.framework in Embed Frameworks */ = {isa = PBXBuildFile; fileRef = 7562C8D31BA1AF1B00EB1487 /* SnapKit.framework */; settings = {ATTRIBUTES = (CodeSignOnCopy, RemoveHeadersOnCopy, ); }; };
		7562C8DB1BA1AF4600EB1487 /* WebImage.framework in Embed Frameworks */ = {isa = PBXBuildFile; fileRef = 7562C8D41BA1AF1B00EB1487 /* WebImage.framework */; settings = {ATTRIBUTES = (CodeSignOnCopy, RemoveHeadersOnCopy, ); }; };
/* End PBXBuildFile section */

/* Begin PBXContainerItemProxy section */
		7562C8C11BA1A75300EB1487 /* PBXContainerItemProxy */ = {
			isa = PBXContainerItemProxy;
			containerPortal = 7562C89F1BA1A75300EB1487 /* Project object */;
			proxyType = 1;
			remoteGlobalIDString = 7562C8A61BA1A75300EB1487;
			remoteInfo = TDPagedImageScrollView.swift;
		};
/* End PBXContainerItemProxy section */

/* Begin PBXCopyFilesBuildPhase section */
		7562C8DC1BA1AF4600EB1487 /* Embed Frameworks */ = {
			isa = PBXCopyFilesBuildPhase;
			buildActionMask = 2147483647;
			dstPath = "";
			dstSubfolderSpec = 10;
			files = (
				7562C8D91BA1AF4600EB1487 /* SnapKit.framework in Embed Frameworks */,
				7562C8DB1BA1AF4600EB1487 /* WebImage.framework in Embed Frameworks */,
			);
			name = "Embed Frameworks";
			runOnlyForDeploymentPostprocessing = 0;
		};
/* End PBXCopyFilesBuildPhase section */

/* Begin PBXFileReference section */
		7562C8A71BA1A75300EB1487 /* TDPagedImageScrollView.swift.app */ = {isa = PBXFileReference; explicitFileType = wrapper.application; includeInIndex = 0; path = TDPagedImageScrollView.swift.app; sourceTree = BUILT_PRODUCTS_DIR; };
		7562C8AB1BA1A75300EB1487 /* Info.plist */ = {isa = PBXFileReference; lastKnownFileType = text.plist.xml; path = Info.plist; sourceTree = "<group>"; };
		7562C8AC1BA1A75300EB1487 /* AppDelegate.swift */ = {isa = PBXFileReference; lastKnownFileType = sourcecode.swift; path = AppDelegate.swift; sourceTree = "<group>"; };
		7562C8B71BA1A75300EB1487 /* Images.xcassets */ = {isa = PBXFileReference; lastKnownFileType = folder.assetcatalog; path = Images.xcassets; sourceTree = "<group>"; };
		7562C8BA1BA1A75300EB1487 /* Base */ = {isa = PBXFileReference; lastKnownFileType = file.xib; name = Base; path = Base.lproj/LaunchScreen.xib; sourceTree = "<group>"; };
		7562C8C01BA1A75300EB1487 /* TDPagedImageScrollView.swiftTests.xctest */ = {isa = PBXFileReference; explicitFileType = wrapper.cfbundle; includeInIndex = 0; path = TDPagedImageScrollView.swiftTests.xctest; sourceTree = BUILT_PRODUCTS_DIR; };
		7562C8C51BA1A75300EB1487 /* Info.plist */ = {isa = PBXFileReference; lastKnownFileType = text.plist.xml; path = Info.plist; sourceTree = "<group>"; };
		7562C8C61BA1A75300EB1487 /* TDPagedImageScrollView_swiftTests.swift */ = {isa = PBXFileReference; lastKnownFileType = sourcecode.swift; path = TDPagedImageScrollView_swiftTests.swift; sourceTree = "<group>"; };
		7562C8D11BA1A9EA00EB1487 /* TDPagedImageScrollView.swift */ = {isa = PBXFileReference; fileEncoding = 4; lastKnownFileType = sourcecode.swift; path = TDPagedImageScrollView.swift; sourceTree = "<group>"; };
		7562C8D31BA1AF1B00EB1487 /* SnapKit.framework */ = {isa = PBXFileReference; lastKnownFileType = wrapper.framework; name = SnapKit.framework; path = Carthage/Build/iOS/SnapKit.framework; sourceTree = "<group>"; };
		7562C8D41BA1AF1B00EB1487 /* WebImage.framework */ = {isa = PBXFileReference; lastKnownFileType = wrapper.framework; name = WebImage.framework; path = Carthage/Build/iOS/WebImage.framework; sourceTree = "<group>"; };
/* End PBXFileReference section */

/* Begin PBXFrameworksBuildPhase section */
		7562C8A41BA1A75300EB1487 /* Frameworks */ = {
			isa = PBXFrameworksBuildPhase;
			buildActionMask = 2147483647;
			files = (
				7562C8D51BA1AF1B00EB1487 /* SnapKit.framework in Frameworks */,
				7562C8D61BA1AF1C00EB1487 /* WebImage.framework in Frameworks */,
			);
			runOnlyForDeploymentPostprocessing = 0;
		};
		7562C8BD1BA1A75300EB1487 /* Frameworks */ = {
			isa = PBXFrameworksBuildPhase;
			buildActionMask = 2147483647;
			files = (
			);
			runOnlyForDeploymentPostprocessing = 0;
		};
/* End PBXFrameworksBuildPhase section */

/* Begin PBXGroup section */
		7562C89E1BA1A75300EB1487 = {
			isa = PBXGroup;
			children = (
				7562C8A91BA1A75300EB1487 /* TDPagedImageScrollView.swift */,
				7562C8D01BA1A75F00EB1487 /* Demo */,
				7562C8C31BA1A75300EB1487 /* Tests */,
				7562C8D71BA1AF2300EB1487 /* Frameworks */,
				7562C8A81BA1A75300EB1487 /* Products */,
			);
			sourceTree = "<group>";
		};
		7562C8A81BA1A75300EB1487 /* Products */ = {
			isa = PBXGroup;
			children = (
				7562C8A71BA1A75300EB1487 /* TDPagedImageScrollView.swift.app */,
				7562C8C01BA1A75300EB1487 /* TDPagedImageScrollView.swiftTests.xctest */,
			);
			name = Products;
			sourceTree = "<group>";
		};
		7562C8A91BA1A75300EB1487 /* TDPagedImageScrollView.swift */ = {
			isa = PBXGroup;
			children = (
				7562C8D11BA1A9EA00EB1487 /* TDPagedImageScrollView.swift */,
			);
			path = TDPagedImageScrollView.swift;
			sourceTree = "<group>";
		};
		7562C8AA1BA1A75300EB1487 /* Supporting Files */ = {
			isa = PBXGroup;
			children = (
				7562C8AB1BA1A75300EB1487 /* Info.plist */,
			);
			name = "Supporting Files";
			sourceTree = "<group>";
		};
		7562C8C31BA1A75300EB1487 /* Tests */ = {
			isa = PBXGroup;
			children = (
				7562C8C61BA1A75300EB1487 /* TDPagedImageScrollView_swiftTests.swift */,
				7562C8C41BA1A75300EB1487 /* Supporting Files */,
			);
			name = Tests;
			path = TDPagedImageScrollView.swiftTests;
			sourceTree = "<group>";
		};
		7562C8C41BA1A75300EB1487 /* Supporting Files */ = {
			isa = PBXGroup;
			children = (
				7562C8C51BA1A75300EB1487 /* Info.plist */,
			);
			name = "Supporting Files";
			sourceTree = "<group>";
		};
		7562C8D01BA1A75F00EB1487 /* Demo */ = {
			isa = PBXGroup;
			children = (
				7562C8AC1BA1A75300EB1487 /* AppDelegate.swift */,
				7562C8B71BA1A75300EB1487 /* Images.xcassets */,
				7562C8B91BA1A75300EB1487 /* LaunchScreen.xib */,
				7562C8AA1BA1A75300EB1487 /* Supporting Files */,
			);
			name = Demo;
			path = TDPagedImageScrollView.swift;
			sourceTree = "<group>";
		};
		7562C8D71BA1AF2300EB1487 /* Frameworks */ = {
			isa = PBXGroup;
			children = (
				7562C8D31BA1AF1B00EB1487 /* SnapKit.framework */,
				7562C8D41BA1AF1B00EB1487 /* WebImage.framework */,
			);
			name = Frameworks;
			sourceTree = "<group>";
		};
/* End PBXGroup section */

/* Begin PBXNativeTarget section */
		7562C8A61BA1A75300EB1487 /* TDPagedImageScrollView.swift */ = {
			isa = PBXNativeTarget;
			buildConfigurationList = 7562C8CA1BA1A75300EB1487 /* Build configuration list for PBXNativeTarget "TDPagedImageScrollView.swift" */;
			buildPhases = (
				7562C8A31BA1A75300EB1487 /* Sources */,
				7562C8A41BA1A75300EB1487 /* Frameworks */,
				7562C8A51BA1A75300EB1487 /* Resources */,
				7562C8DC1BA1AF4600EB1487 /* Embed Frameworks */,
			);
			buildRules = (
			);
			dependencies = (
			);
			name = TDPagedImageScrollView.swift;
			productName = TDPagedImageScrollView.swift;
			productReference = 7562C8A71BA1A75300EB1487 /* TDPagedImageScrollView.swift.app */;
			productType = "com.apple.product-type.application";
		};
		7562C8BF1BA1A75300EB1487 /* TDPagedImageScrollView.swiftTests */ = {
			isa = PBXNativeTarget;
			buildConfigurationList = 7562C8CD1BA1A75300EB1487 /* Build configuration list for PBXNativeTarget "TDPagedImageScrollView.swiftTests" */;
			buildPhases = (
				7562C8BC1BA1A75300EB1487 /* Sources */,
				7562C8BD1BA1A75300EB1487 /* Frameworks */,
				7562C8BE1BA1A75300EB1487 /* Resources */,
			);
			buildRules = (
			);
			dependencies = (
				7562C8C21BA1A75300EB1487 /* PBXTargetDependency */,
			);
			name = TDPagedImageScrollView.swiftTests;
			productName = TDPagedImageScrollView.swiftTests;
			productReference = 7562C8C01BA1A75300EB1487 /* TDPagedImageScrollView.swiftTests.xctest */;
			productType = "com.apple.product-type.bundle.unit-test";
		};
/* End PBXNativeTarget section */

/* Begin PBXProject section */
		7562C89F1BA1A75300EB1487 /* Project object */ = {
			isa = PBXProject;
			attributes = {
				LastUpgradeCheck = 0640;
				ORGANIZATIONNAME = nickTD;
				TargetAttributes = {
					7562C8A61BA1A75300EB1487 = {
						CreatedOnToolsVersion = 6.4;
					};
					7562C8BF1BA1A75300EB1487 = {
						CreatedOnToolsVersion = 6.4;
						TestTargetID = 7562C8A61BA1A75300EB1487;
					};
				};
			};
			buildConfigurationList = 7562C8A21BA1A75300EB1487 /* Build configuration list for PBXProject "TDPagedImageScrollView.swift" */;
			compatibilityVersion = "Xcode 3.2";
			developmentRegion = English;
			hasScannedForEncodings = 0;
			knownRegions = (
				en,
				Base,
			);
			mainGroup = 7562C89E1BA1A75300EB1487;
			productRefGroup = 7562C8A81BA1A75300EB1487 /* Products */;
			projectDirPath = "";
			projectRoot = "";
			targets = (
				7562C8A61BA1A75300EB1487 /* TDPagedImageScrollView.swift */,
				7562C8BF1BA1A75300EB1487 /* TDPagedImageScrollView.swiftTests */,
			);
		};
/* End PBXProject section */

/* Begin PBXResourcesBuildPhase section */
		7562C8A51BA1A75300EB1487 /* Resources */ = {
			isa = PBXResourcesBuildPhase;
			buildActionMask = 2147483647;
			files = (
				7562C8BB1BA1A75300EB1487 /* LaunchScreen.xib in Resources */,
				7562C8B81BA1A75300EB1487 /* Images.xcassets in Resources */,
			);
			runOnlyForDeploymentPostprocessing = 0;
		};
		7562C8BE1BA1A75300EB1487 /* Resources */ = {
			isa = PBXResourcesBuildPhase;
			buildActionMask = 2147483647;
			files = (
			);
			runOnlyForDeploymentPostprocessing = 0;
		};
/* End PBXResourcesBuildPhase section */

/* Begin PBXSourcesBuildPhase section */
		7562C8A31BA1A75300EB1487 /* Sources */ = {
			isa = PBXSourcesBuildPhase;
			buildActionMask = 2147483647;
			files = (
				7562C8AD1BA1A75300EB1487 /* AppDelegate.swift in Sources */,
				7562C8D21BA1A9EA00EB1487 /* TDPagedImageScrollView.swift in Sources */,
			);
			runOnlyForDeploymentPostprocessing = 0;
		};
		7562C8BC1BA1A75300EB1487 /* Sources */ = {
			isa = PBXSourcesBuildPhase;
			buildActionMask = 2147483647;
			files = (
				7562C8C71BA1A75300EB1487 /* TDPagedImageScrollView_swiftTests.swift in Sources */,
			);
			runOnlyForDeploymentPostprocessing = 0;
		};
/* End PBXSourcesBuildPhase section */

/* Begin PBXTargetDependency section */
		7562C8C21BA1A75300EB1487 /* PBXTargetDependency */ = {
			isa = PBXTargetDependency;
			target = 7562C8A61BA1A75300EB1487 /* TDPagedImageScrollView.swift */;
			targetProxy = 7562C8C11BA1A75300EB1487 /* PBXContainerItemProxy */;
		};
/* End PBXTargetDependency section */

/* Begin PBXVariantGroup section */
		7562C8B91BA1A75300EB1487 /* LaunchScreen.xib */ = {
			isa = PBXVariantGroup;
			children = (
				7562C8BA1BA1A75300EB1487 /* Base */,
			);
			name = LaunchScreen.xib;
			sourceTree = "<group>";
		};
/* End PBXVariantGroup section */

/* Begin XCBuildConfiguration section */
		7562C8C81BA1A75300EB1487 /* Debug */ = {
			isa = XCBuildConfiguration;
			buildSettings = {
				ALWAYS_SEARCH_USER_PATHS = NO;
				CLANG_CXX_LANGUAGE_STANDARD = "gnu++0x";
				CLANG_CXX_LIBRARY = "libc++";
				CLANG_ENABLE_MODULES = YES;
				CLANG_ENABLE_OBJC_ARC = YES;
				CLANG_WARN_BOOL_CONVERSION = YES;
				CLANG_WARN_CONSTANT_CONVERSION = YES;
				CLANG_WARN_DIRECT_OBJC_ISA_USAGE = YES_ERROR;
				CLANG_WARN_EMPTY_BODY = YES;
				CLANG_WARN_ENUM_CONVERSION = YES;
				CLANG_WARN_INT_CONVERSION = YES;
				CLANG_WARN_OBJC_ROOT_CLASS = YES_ERROR;
				CLANG_WARN_UNREACHABLE_CODE = YES;
				CLANG_WARN__DUPLICATE_METHOD_MATCH = YES;
				"CODE_SIGN_IDENTITY[sdk=iphoneos*]" = "iPhone Developer";
				COPY_PHASE_STRIP = NO;
				DEBUG_INFORMATION_FORMAT = "dwarf-with-dsym";
				ENABLE_STRICT_OBJC_MSGSEND = YES;
				FRAMEWORK_SEARCH_PATHS = "$(PROJECT_DIR)/Carthage/Build/iOS";
				GCC_C_LANGUAGE_STANDARD = gnu99;
				GCC_DYNAMIC_NO_PIC = NO;
				GCC_NO_COMMON_BLOCKS = YES;
				GCC_OPTIMIZATION_LEVEL = 0;
				GCC_PREPROCESSOR_DEFINITIONS = (
					"DEBUG=1",
					"$(inherited)",
				);
				GCC_SYMBOLS_PRIVATE_EXTERN = NO;
				GCC_WARN_64_TO_32_BIT_CONVERSION = YES;
				GCC_WARN_ABOUT_RETURN_TYPE = YES_ERROR;
				GCC_WARN_UNDECLARED_SELECTOR = YES;
				GCC_WARN_UNINITIALIZED_AUTOS = YES_AGGRESSIVE;
				GCC_WARN_UNUSED_FUNCTION = YES;
				GCC_WARN_UNUSED_VARIABLE = YES;
				IPHONEOS_DEPLOYMENT_TARGET = 8.4;
				MTL_ENABLE_DEBUG_INFO = YES;
				ONLY_ACTIVE_ARCH = YES;
				SDKROOT = iphoneos;
				SWIFT_OPTIMIZATION_LEVEL = "-Onone";
			};
			name = Debug;
		};
		7562C8C91BA1A75300EB1487 /* Release */ = {
			isa = XCBuildConfiguration;
			buildSettings = {
				ALWAYS_SEARCH_USER_PATHS = NO;
				CLANG_CXX_LANGUAGE_STANDARD = "gnu++0x";
				CLANG_CXX_LIBRARY = "libc++";
				CLANG_ENABLE_MODULES = YES;
				CLANG_ENABLE_OBJC_ARC = YES;
				CLANG_WARN_BOOL_CONVERSION = YES;
				CLANG_WARN_CONSTANT_CONVERSION = YES;
				CLANG_WARN_DIRECT_OBJC_ISA_USAGE = YES_ERROR;
				CLANG_WARN_EMPTY_BODY = YES;
				CLANG_WARN_ENUM_CONVERSION = YES;
				CLANG_WARN_INT_CONVERSION = YES;
				CLANG_WARN_OBJC_ROOT_CLASS = YES_ERROR;
				CLANG_WARN_UNREACHABLE_CODE = YES;
				CLANG_WARN__DUPLICATE_METHOD_MATCH = YES;
				"CODE_SIGN_IDENTITY[sdk=iphoneos*]" = "iPhone Developer";
				COPY_PHASE_STRIP = NO;
				DEBUG_INFORMATION_FORMAT = "dwarf-with-dsym";
				ENABLE_NS_ASSERTIONS = NO;
				ENABLE_STRICT_OBJC_MSGSEND = YES;
				FRAMEWORK_SEARCH_PATHS = "$(PROJECT_DIR)/Carthage/Build/iOS";
				GCC_C_LANGUAGE_STANDARD = gnu99;
				GCC_NO_COMMON_BLOCKS = YES;
				GCC_WARN_64_TO_32_BIT_CONVERSION = YES;
				GCC_WARN_ABOUT_RETURN_TYPE = YES_ERROR;
				GCC_WARN_UNDECLARED_SELECTOR = YES;
				GCC_WARN_UNINITIALIZED_AUTOS = YES_AGGRESSIVE;
				GCC_WARN_UNUSED_FUNCTION = YES;
				GCC_WARN_UNUSED_VARIABLE = YES;
				IPHONEOS_DEPLOYMENT_TARGET = 8.4;
				MTL_ENABLE_DEBUG_INFO = NO;
				SDKROOT = iphoneos;
				VALIDATE_PRODUCT = YES;
			};
			name = Release;
		};
		7562C8CB1BA1A75300EB1487 /* Debug */ = {
			isa = XCBuildConfiguration;
			buildSettings = {
				ASSETCATALOG_COMPILER_APPICON_NAME = AppIcon;
				FRAMEWORK_SEARCH_PATHS = (
					"$(inherited)",
					"$(PROJECT_DIR)/Carthage/Build/iOS",
				);
				INFOPLIST_FILE = TDPagedImageScrollView.swift/Info.plist;
				IPHONEOS_DEPLOYMENT_TARGET = 8.0;
				LD_RUNPATH_SEARCH_PATHS = "$(inherited) @executable_path/Frameworks";
				PRODUCT_NAME = "$(TARGET_NAME)";
			};
			name = Debug;
		};
		7562C8CC1BA1A75300EB1487 /* Release */ = {
			isa = XCBuildConfiguration;
			buildSettings = {
				ASSETCATALOG_COMPILER_APPICON_NAME = AppIcon;
				FRAMEWORK_SEARCH_PATHS = (
					"$(inherited)",
					"$(PROJECT_DIR)/Carthage/Build/iOS",
				);
				INFOPLIST_FILE = TDPagedImageScrollView.swift/Info.plist;
				IPHONEOS_DEPLOYMENT_TARGET = 8.0;
				LD_RUNPATH_SEARCH_PATHS = "$(inherited) @executable_path/Frameworks";
				PRODUCT_NAME = "$(TARGET_NAME)";
			};
			name = Release;
		};
		7562C8CE1BA1A75300EB1487 /* Debug */ = {
			isa = XCBuildConfiguration;
			buildSettings = {
				BUNDLE_LOADER = "$(TEST_HOST)";
				FRAMEWORK_SEARCH_PATHS = (
					"$(SDKROOT)/Developer/Library/Frameworks",
					"$(inherited)",
				);
				GCC_PREPROCESSOR_DEFINITIONS = (
					"DEBUG=1",
					"$(inherited)",
				);
				INFOPLIST_FILE = TDPagedImageScrollView.swiftTests/Info.plist;
				LD_RUNPATH_SEARCH_PATHS = "$(inherited) @executable_path/Frameworks @loader_path/Frameworks";
				PRODUCT_NAME = "$(TARGET_NAME)";
				TEST_HOST = "$(BUILT_PRODUCTS_DIR)/TDPagedImageScrollView.swift.app/TDPagedImageScrollView.swift";
			};
			name = Debug;
		};
		7562C8CF1BA1A75300EB1487 /* Release */ = {
			isa = XCBuildConfiguration;
			buildSettings = {
				BUNDLE_LOADER = "$(TEST_HOST)";
				FRAMEWORK_SEARCH_PATHS = (
					"$(SDKROOT)/Developer/Library/Frameworks",
					"$(inherited)",
				);
				INFOPLIST_FILE = TDPagedImageScrollView.swiftTests/Info.plist;
				LD_RUNPATH_SEARCH_PATHS = "$(inherited) @executable_path/Frameworks @loader_path/Frameworks";
				PRODUCT_NAME = "$(TARGET_NAME)";
				TEST_HOST = "$(BUILT_PRODUCTS_DIR)/TDPagedImageScrollView.swift.app/TDPagedImageScrollView.swift";
			};
			name = Release;
		};
/* End XCBuildConfiguration section */

/* Begin XCConfigurationList section */
		7562C8A21BA1A75300EB1487 /* Build configuration list for PBXProject "TDPagedImageScrollView.swift" */ = {
			isa = XCConfigurationList;
			buildConfigurations = (
				7562C8C81BA1A75300EB1487 /* Debug */,
				7562C8C91BA1A75300EB1487 /* Release */,
			);
			defaultConfigurationIsVisible = 0;
			defaultConfigurationName = Release;
		};
		7562C8CA1BA1A75300EB1487 /* Build configuration list for PBXNativeTarget "TDPagedImageScrollView.swift" */ = {
			isa = XCConfigurationList;
			buildConfigurations = (
				7562C8CB1BA1A75300EB1487 /* Debug */,
				7562C8CC1BA1A75300EB1487 /* Release */,
			);
			defaultConfigurationIsVisible = 0;
		};
		7562C8CD1BA1A75300EB1487 /* Build configuration list for PBXNativeTarget "TDPagedImageScrollView.swiftTests" */ = {
			isa = XCConfigurationList;
			buildConfigurations = (
				7562C8CE1BA1A75300EB1487 /* Debug */,
				7562C8CF1BA1A75300EB1487 /* Release */,
			);
			defaultConfigurationIsVisible = 0;
		};
/* End XCConfigurationList section */
	};
	rootObject = 7562C89F1BA1A75300EB1487 /* Project object */;
}
